
Microsoft Visual Studio Solution File, Format Version 12.00
# Visual Studio Version 17
VisualStudioVersion = 17.3.32825.248
MinimumVisualStudioVersion = 10.0.40219.1
Project("{9A19103F-16F7-4668-BE54-9A1E7A4F7556}") = "Splitwise", "Splitwise\Splitwise.csproj", "{663AE431-8731-4216-8452-D270667D9E45}"
EndProject
Project("{9A19103F-16F7-4668-BE54-9A1E7A4F7556}") = "ZoNo", "ZoNo\ZoNo.csproj", "{F4C4E580-51F0-4102-9CE2-080F09D4DDFB}"
EndProject
Project("{9A19103F-16F7-4668-BE54-9A1E7A4F7556}") = "ZoNo2", "ZoNo2\ZoNo2.csproj", "{DB7F68B2-E044-48E5-8FE5-2622109707C3}"
EndProject
Project("{9A19103F-16F7-4668-BE54-9A1E7A4F7556}") = "ZoNo2.Core", "ZoNo2.Core\ZoNo2.Core.csproj", "{82BAD623-50BF-4882-AF76-AFFEAA941F80}"
EndProject
Global
	GlobalSection(SolutionConfigurationPlatforms) = preSolution
		Debug|Any CPU = Debug|Any CPU
		Debug|arm64 = Debug|arm64
		Debug|x64 = Debug|x64
		Debug|x86 = Debug|x86
		Release|Any CPU = Release|Any CPU
		Release|arm64 = Release|arm64
		Release|x64 = Release|x64
		Release|x86 = Release|x86
	EndGlobalSection
	GlobalSection(ProjectConfigurationPlatforms) = postSolution
		{663AE431-8731-4216-8452-D270667D9E45}.Debug|Any CPU.ActiveCfg = Debug|Any CPU
		{663AE431-8731-4216-8452-D270667D9E45}.Debug|Any CPU.Build.0 = Debug|Any CPU
		{663AE431-8731-4216-8452-D270667D9E45}.Debug|arm64.ActiveCfg = Debug|Any CPU
		{663AE431-8731-4216-8452-D270667D9E45}.Debug|arm64.Build.0 = Debug|Any CPU
		{663AE431-8731-4216-8452-D270667D9E45}.Debug|x64.ActiveCfg = Debug|Any CPU
		{663AE431-8731-4216-8452-D270667D9E45}.Debug|x64.Build.0 = Debug|Any CPU
		{663AE431-8731-4216-8452-D270667D9E45}.Debug|x86.ActiveCfg = Debug|Any CPU
		{663AE431-8731-4216-8452-D270667D9E45}.Debug|x86.Build.0 = Debug|Any CPU
		{663AE431-8731-4216-8452-D270667D9E45}.Release|Any CPU.ActiveCfg = Release|Any CPU
		{663AE431-8731-4216-8452-D270667D9E45}.Release|Any CPU.Build.0 = Release|Any CPU
		{663AE431-8731-4216-8452-D270667D9E45}.Release|arm64.ActiveCfg = Release|Any CPU
		{663AE431-8731-4216-8452-D270667D9E45}.Release|arm64.Build.0 = Release|Any CPU
		{663AE431-8731-4216-8452-D270667D9E45}.Release|x64.ActiveCfg = Release|Any CPU
		{663AE431-8731-4216-8452-D270667D9E45}.Release|x64.Build.0 = Release|Any CPU
		{663AE431-8731-4216-8452-D270667D9E45}.Release|x86.ActiveCfg = Release|Any CPU
		{663AE431-8731-4216-8452-D270667D9E45}.Release|x86.Build.0 = Release|Any CPU
		{F4C4E580-51F0-4102-9CE2-080F09D4DDFB}.Debug|Any CPU.ActiveCfg = Debug|Any CPU
		{F4C4E580-51F0-4102-9CE2-080F09D4DDFB}.Debug|Any CPU.Build.0 = Debug|Any CPU
		{F4C4E580-51F0-4102-9CE2-080F09D4DDFB}.Debug|arm64.ActiveCfg = Debug|Any CPU
		{F4C4E580-51F0-4102-9CE2-080F09D4DDFB}.Debug|arm64.Build.0 = Debug|Any CPU
		{F4C4E580-51F0-4102-9CE2-080F09D4DDFB}.Debug|x64.ActiveCfg = Debug|Any CPU
		{F4C4E580-51F0-4102-9CE2-080F09D4DDFB}.Debug|x64.Build.0 = Debug|Any CPU
		{F4C4E580-51F0-4102-9CE2-080F09D4DDFB}.Debug|x86.ActiveCfg = Debug|Any CPU
		{F4C4E580-51F0-4102-9CE2-080F09D4DDFB}.Debug|x86.Build.0 = Debug|Any CPU
		{F4C4E580-51F0-4102-9CE2-080F09D4DDFB}.Release|Any CPU.ActiveCfg = Release|Any CPU
		{F4C4E580-51F0-4102-9CE2-080F09D4DDFB}.Release|Any CPU.Build.0 = Release|Any CPU
		{F4C4E580-51F0-4102-9CE2-080F09D4DDFB}.Release|arm64.ActiveCfg = Release|Any CPU
		{F4C4E580-51F0-4102-9CE2-080F09D4DDFB}.Release|arm64.Build.0 = Release|Any CPU
		{F4C4E580-51F0-4102-9CE2-080F09D4DDFB}.Release|x64.ActiveCfg = Release|Any CPU
		{F4C4E580-51F0-4102-9CE2-080F09D4DDFB}.Release|x64.Build.0 = Release|Any CPU
		{F4C4E580-51F0-4102-9CE2-080F09D4DDFB}.Release|x86.ActiveCfg = Release|Any CPU
		{F4C4E580-51F0-4102-9CE2-080F09D4DDFB}.Release|x86.Build.0 = Release|Any CPU
		{DB7F68B2-E044-48E5-8FE5-2622109707C3}.Debug|Any CPU.ActiveCfg = Debug|x64
		{DB7F68B2-E044-48E5-8FE5-2622109707C3}.Debug|Any CPU.Build.0 = Debug|x64
		{DB7F68B2-E044-48E5-8FE5-2622109707C3}.Debug|Any CPU.Deploy.0 = Debug|x64
		{DB7F68B2-E044-48E5-8FE5-2622109707C3}.Debug|arm64.ActiveCfg = Debug|arm64
		{DB7F68B2-E044-48E5-8FE5-2622109707C3}.Debug|arm64.Build.0 = Debug|arm64
		{DB7F68B2-E044-48E5-8FE5-2622109707C3}.Debug|arm64.Deploy.0 = Debug|arm64
		{DB7F68B2-E044-48E5-8FE5-2622109707C3}.Debug|x64.ActiveCfg = Debug|x64
		{DB7F68B2-E044-48E5-8FE5-2622109707C3}.Debug|x64.Build.0 = Debug|x64
		{DB7F68B2-E044-48E5-8FE5-2622109707C3}.Debug|x64.Deploy.0 = Debug|x64
		{DB7F68B2-E044-48E5-8FE5-2622109707C3}.Debug|x86.ActiveCfg = Debug|x86
		{DB7F68B2-E044-48E5-8FE5-2622109707C3}.Debug|x86.Build.0 = Debug|x86
		{DB7F68B2-E044-48E5-8FE5-2622109707C3}.Debug|x86.Deploy.0 = Debug|x86
		{DB7F68B2-E044-48E5-8FE5-2622109707C3}.Release|Any CPU.ActiveCfg = Release|x64
		{DB7F68B2-E044-48E5-8FE5-2622109707C3}.Release|Any CPU.Build.0 = Release|x64
		{DB7F68B2-E044-48E5-8FE5-2622109707C3}.Release|Any CPU.Deploy.0 = Release|x64
		{DB7F68B2-E044-48E5-8FE5-2622109707C3}.Release|arm64.ActiveCfg = Release|arm64
		{DB7F68B2-E044-48E5-8FE5-2622109707C3}.Release|arm64.Build.0 = Release|arm64
		{DB7F68B2-E044-48E5-8FE5-2622109707C3}.Release|arm64.Deploy.0 = Release|arm64
		{DB7F68B2-E044-48E5-8FE5-2622109707C3}.Release|x64.ActiveCfg = Release|x64
		{DB7F68B2-E044-48E5-8FE5-2622109707C3}.Release|x64.Build.0 = Release|x64
		{DB7F68B2-E044-48E5-8FE5-2622109707C3}.Release|x64.Deploy.0 = Release|x64
		{DB7F68B2-E044-48E5-8FE5-2622109707C3}.Release|x86.ActiveCfg = Release|x86
		{DB7F68B2-E044-48E5-8FE5-2622109707C3}.Release|x86.Build.0 = Release|x86
		{DB7F68B2-E044-48E5-8FE5-2622109707C3}.Release|x86.Deploy.0 = Release|x86
		{82BAD623-50BF-4882-AF76-AFFEAA941F80}.Debug|Any CPU.ActiveCfg = Debug|Any CPU
		{82BAD623-50BF-4882-AF76-AFFEAA941F80}.Debug|Any CPU.Build.0 = Debug|Any CPU
		{82BAD623-50BF-4882-AF76-AFFEAA941F80}.Debug|arm64.ActiveCfg = Debug|arm64
		{82BAD623-50BF-4882-AF76-AFFEAA941F80}.Debug|arm64.Build.0 = Debug|arm64
		{82BAD623-50BF-4882-AF76-AFFEAA941F80}.Debug|x64.ActiveCfg = Debug|x64
		{82BAD623-50BF-4882-AF76-AFFEAA941F80}.Debug|x64.Build.0 = Debug|x64
		{82BAD623-50BF-4882-AF76-AFFEAA941F80}.Debug|x86.ActiveCfg = Debug|x86
		{82BAD623-50BF-4882-AF76-AFFEAA941F80}.Debug|x86.Build.0 = Debug|x86
		{82BAD623-50BF-4882-AF76-AFFEAA941F80}.Release|Any CPU.ActiveCfg = Release|Any CPU
		{82BAD623-50BF-4882-AF76-AFFEAA941F80}.Release|Any CPU.Build.0 = Release|Any CPU
		{82BAD623-50BF-4882-AF76-AFFEAA941F80}.Release|arm64.ActiveCfg = Release|arm64
		{82BAD623-50BF-4882-AF76-AFFEAA941F80}.Release|arm64.Build.0 = Release|arm64
		{82BAD623-50BF-4882-AF76-AFFEAA941F80}.Release|x64.ActiveCfg = Release|x64
		{82BAD623-50BF-4882-AF76-AFFEAA941F80}.Release|x64.Build.0 = Release|x64
		{82BAD623-50BF-4882-AF76-AFFEAA941F80}.Release|x86.ActiveCfg = Release|x86
		{82BAD623-50BF-4882-AF76-AFFEAA941F80}.Release|x86.Build.0 = Release|x86
	EndGlobalSection
	GlobalSection(SolutionProperties) = preSolution
		HideSolutionNode = FALSE
	EndGlobalSection
	GlobalSection(ExtensibilityGlobals) = postSolution
		SolutionGuid = {E528E2F7-BB21-4066-907A-42857EDBA292}
	EndGlobalSection
EndGlobal
